
Microsoft Visual Studio Solution File, Format Version 12.00
# Visual Studio Version 17
VisualStudioVersion = 17.6.33829.357
MinimumVisualStudioVersion = 10.0.40219.1
Project("{FAE04EC0-301F-11D3-BF4B-00C04F79EFBC}") = "Character", "Character\Character.csproj", "{91C5599C-9502-4699-8643-4351D2B0643C}"
EndProject
Global
	GlobalSection(SolutionConfigurationPlatforms) = preSolution
		Debug|Any CPU = Debug|Any CPU
		Release|Any CPU = Release|Any CPU
	EndGlobalSection
	GlobalSection(ProjectConfigurationPlatforms) = postSolution
		{91C5599C-9502-4699-8643-4351D2B0643C}.Debug|Any CPU.ActiveCfg = Debug|Any CPU
		{91C5599C-9502-4699-8643-4351D2B0643C}.Debug|Any CPU.Build.0 = Debug|Any CPU
		{91C5599C-9502-4699-8643-4351D2B0643C}.Release|Any CPU.ActiveCfg = Release|Any CPU
		{91C5599C-9502-4699-8643-4351D2B0643C}.Release|Any CPU.Build.0 = Release|Any CPU
	EndGlobalSection
	GlobalSection(SolutionProperties) = preSolution
		HideSolutionNode = FALSE
	EndGlobalSection
	GlobalSection(ExtensibilityGlobals) = postSolution
		SolutionGuid = {EF4C0FF9-5775-446E-802F-F581C6D683F9}
	EndGlobalSection
EndGlobal
